
Microsoft Visual Studio Solution File, Format Version 12.00
# Visual Studio Version 16
VisualStudioVersion = 16.0.30804.86
MinimumVisualStudioVersion = 10.0.40219.1
Project("{FAE04EC0-301F-11D3-BF4B-00C04F79EFBC}") = "Publisher_Information", "..\Publisher_Information\Publisher_Information.csproj", "{D5FC4435-02A7-435B-B072-A801A8EC329C}"
EndProject
Global
	GlobalSection(SolutionConfigurationPlatforms) = preSolution
		Debug|Any CPU = Debug|Any CPU
		Release|Any CPU = Release|Any CPU
	EndGlobalSection
	GlobalSection(ProjectConfigurationPlatforms) = postSolution
		{D5FC4435-02A7-435B-B072-A801A8EC329C}.Debug|Any CPU.ActiveCfg = Debug|Any CPU
		{D5FC4435-02A7-435B-B072-A801A8EC329C}.Debug|Any CPU.Build.0 = Debug|Any CPU
		{D5FC4435-02A7-435B-B072-A801A8EC329C}.Release|Any CPU.ActiveCfg = Release|Any CPU
		{D5FC4435-02A7-435B-B072-A801A8EC329C}.Release|Any CPU.Build.0 = Release|Any CPU
	EndGlobalSection
	GlobalSection(SolutionProperties) = preSolution
		HideSolutionNode = FALSE
	EndGlobalSection
	GlobalSection(ExtensibilityGlobals) = postSolution
		SolutionGuid = {A6831051-DDE5-4E67-A10B-90808EE307BA}
	EndGlobalSection
EndGlobal
